
Microsoft Visual Studio Solution File, Format Version 12.00
# Visual Studio Version 17
VisualStudioVersion = 17.12.35707.178
MinimumVisualStudioVersion = 10.0.40219.1
Project("{FAE04EC0-301F-11D3-BF4B-00C04F79EFBC}") = "DXTreme", "DXTreme\DXTreme.csproj", "{01E2F0CD-0148-43AD-A97F-FBBB2EA5AE2C}"
EndProject
Project("{2150E333-8FDC-42A3-9474-1A3956D46DE8}") = "resources", "resources", "{02EA681E-C7D8-13C7-8484-4AC65E1B71E8}"
	ProjectSection(SolutionItems) = preProject
		powerbutton.png = powerbutton.png
	EndProjectSection
EndProject
Global
	GlobalSection(SolutionConfigurationPlatforms) = preSolution
		Debug|Any CPU = Debug|Any CPU
		Release|Any CPU = Release|Any CPU
	EndGlobalSection
	GlobalSection(ProjectConfigurationPlatforms) = postSolution
		{01E2F0CD-0148-43AD-A97F-FBBB2EA5AE2C}.Debug|Any CPU.ActiveCfg = Debug|Any CPU
		{01E2F0CD-0148-43AD-A97F-FBBB2EA5AE2C}.Debug|Any CPU.Build.0 = Debug|Any CPU
		{01E2F0CD-0148-43AD-A97F-FBBB2EA5AE2C}.Release|Any CPU.ActiveCfg = Release|Any CPU
		{01E2F0CD-0148-43AD-A97F-FBBB2EA5AE2C}.Release|Any CPU.Build.0 = Release|Any CPU
	EndGlobalSection
	GlobalSection(SolutionProperties) = preSolution
		HideSolutionNode = FALSE
	EndGlobalSection
	GlobalSection(ExtensibilityGlobals) = postSolution
		SolutionGuid = {24F2D0C4-BA7C-434F-A2B9-B64C3262D755}
	EndGlobalSection
EndGlobal
